
Microsoft Visual Studio Solution File, Format Version 12.00
# Visual Studio Version 16
VisualStudioVersion = 16.0.31624.102
MinimumVisualStudioVersion = 10.0.40219.1
Project("{FAE04EC0-301F-11D3-BF4B-00C04F79EFBC}") = "IOC", "IOC\IOC.csproj", "{EFD67CB7-4EB8-48A5-83EB-D7D45000AE66}"
EndProject
Global
	GlobalSection(SolutionConfigurationPlatforms) = preSolution
		Debug|Any CPU = Debug|Any CPU
		Release|Any CPU = Release|Any CPU
	EndGlobalSection
	GlobalSection(ProjectConfigurationPlatforms) = postSolution
		{EFD67CB7-4EB8-48A5-83EB-D7D45000AE66}.Debug|Any CPU.ActiveCfg = Debug|Any CPU
		{EFD67CB7-4EB8-48A5-83EB-D7D45000AE66}.Debug|Any CPU.Build.0 = Debug|Any CPU
		{EFD67CB7-4EB8-48A5-83EB-D7D45000AE66}.Release|Any CPU.ActiveCfg = Release|Any CPU
		{EFD67CB7-4EB8-48A5-83EB-D7D45000AE66}.Release|Any CPU.Build.0 = Release|Any CPU
	EndGlobalSection
	GlobalSection(SolutionProperties) = preSolution
		HideSolutionNode = FALSE
	EndGlobalSection
	GlobalSection(ExtensibilityGlobals) = postSolution
		SolutionGuid = {F8AB8476-89A7-443F-AC2A-78FAF950928C}
	EndGlobalSection
EndGlobal
